
Microsoft Visual Studio Solution File, Format Version 12.00
# Visual Studio 15
VisualStudioVersion = 15.0.27924.0
MinimumVisualStudioVersion = 10.0.40219.1
Project("{2150E333-8FDC-42A3-9474-1A3956D46DE8}") = "Solution Items", "Solution Items", "{2DE0E628-9BAC-456D-A8F3-0D9ABA6E37C7}"
	ProjectSection(SolutionItems) = preProject
		azure-pipelines.yml = azure-pipelines.yml
		getKeys.ps1 = getKeys.ps1
		README.md = README.md
	EndProjectSection
EndProject
Project("{2150E333-8FDC-42A3-9474-1A3956D46DE8}") = "src", "src", "{7517544A-DFF7-4B76-BE9F-8C05D286B919}"
EndProject
Project("{2150E333-8FDC-42A3-9474-1A3956D46DE8}") = "tests", "tests", "{A68B7669-A5CA-4F4B-822A-D6AB1E15E913}"
EndProject
Project("{9A19103F-16F7-4668-BE54-9A1E7A4F7556}") = "FunctionsV2DiSample.FunctionApp", "src\FunctionsV2DiSample.FunctionApp\FunctionsV2DiSample.FunctionApp.csproj", "{0C91FF53-70BB-4B0F-9AA2-50A8FB94E2A4}"
EndProject
Project("{9A19103F-16F7-4668-BE54-9A1E7A4F7556}") = "CSharpOddOrEven.Tests", "test\CSharpOddOrEvent.Tests\CSharpOddOrEven.Tests.csproj", "{246A609B-19DA-4C4A-B97A-25A122082F45}"
EndProject
Project("{9A19103F-16F7-4668-BE54-9A1E7A4F7556}") = "FunctionsV2DiSample.FunctionApp.Tests", "test\FunctionsV2DiSample.FunctionApp.Tests\FunctionsV2DiSample.FunctionApp.Tests.csproj", "{F74BABA9-581F-44CB-94DE-C73511BF6CC0}"
EndProject
Project("{9A19103F-16F7-4668-BE54-9A1E7A4F7556}") = "Infrastructure.GitHub", "src\Infrastructure.GitHub\Infrastructure.GitHub.csproj", "{76B9E916-659D-4201-9428-0AFC7C458602}"
EndProject
Project("{9A19103F-16F7-4668-BE54-9A1E7A4F7556}") = "Common", "src\Common\Common.csproj", "{D925A658-64FE-445A-8129-EDF21259D273}"
EndProject
Project("{9A19103F-16F7-4668-BE54-9A1E7A4F7556}") = "CSharpOddOrEvenHttpTrigger", "src\CSharpOddOrEvenHttpTrigger\CSharpOddOrEvenHttpTrigger.csproj", "{A52CCD95-C7BC-4693-AC53-2F865671B5EC}"
EndProject
Global
	GlobalSection(SolutionConfigurationPlatforms) = preSolution
		Debug|Any CPU = Debug|Any CPU
		Release|Any CPU = Release|Any CPU
	EndGlobalSection
	GlobalSection(ProjectConfigurationPlatforms) = postSolution
		{0C91FF53-70BB-4B0F-9AA2-50A8FB94E2A4}.Debug|Any CPU.ActiveCfg = Debug|Any CPU
		{0C91FF53-70BB-4B0F-9AA2-50A8FB94E2A4}.Debug|Any CPU.Build.0 = Debug|Any CPU
		{0C91FF53-70BB-4B0F-9AA2-50A8FB94E2A4}.Release|Any CPU.ActiveCfg = Release|Any CPU
		{0C91FF53-70BB-4B0F-9AA2-50A8FB94E2A4}.Release|Any CPU.Build.0 = Release|Any CPU
		{246A609B-19DA-4C4A-B97A-25A122082F45}.Debug|Any CPU.ActiveCfg = Debug|Any CPU
		{246A609B-19DA-4C4A-B97A-25A122082F45}.Debug|Any CPU.Build.0 = Debug|Any CPU
		{246A609B-19DA-4C4A-B97A-25A122082F45}.Release|Any CPU.ActiveCfg = Release|Any CPU
		{246A609B-19DA-4C4A-B97A-25A122082F45}.Release|Any CPU.Build.0 = Release|Any CPU
		{F74BABA9-581F-44CB-94DE-C73511BF6CC0}.Debug|Any CPU.ActiveCfg = Debug|Any CPU
		{F74BABA9-581F-44CB-94DE-C73511BF6CC0}.Debug|Any CPU.Build.0 = Debug|Any CPU
		{F74BABA9-581F-44CB-94DE-C73511BF6CC0}.Release|Any CPU.ActiveCfg = Release|Any CPU
		{F74BABA9-581F-44CB-94DE-C73511BF6CC0}.Release|Any CPU.Build.0 = Release|Any CPU
		{76B9E916-659D-4201-9428-0AFC7C458602}.Debug|Any CPU.ActiveCfg = Debug|Any CPU
		{76B9E916-659D-4201-9428-0AFC7C458602}.Debug|Any CPU.Build.0 = Debug|Any CPU
		{76B9E916-659D-4201-9428-0AFC7C458602}.Release|Any CPU.ActiveCfg = Release|Any CPU
		{76B9E916-659D-4201-9428-0AFC7C458602}.Release|Any CPU.Build.0 = Release|Any CPU
		{D925A658-64FE-445A-8129-EDF21259D273}.Debug|Any CPU.ActiveCfg = Debug|Any CPU
		{D925A658-64FE-445A-8129-EDF21259D273}.Debug|Any CPU.Build.0 = Debug|Any CPU
		{D925A658-64FE-445A-8129-EDF21259D273}.Release|Any CPU.ActiveCfg = Release|Any CPU
		{D925A658-64FE-445A-8129-EDF21259D273}.Release|Any CPU.Build.0 = Release|Any CPU
		{A52CCD95-C7BC-4693-AC53-2F865671B5EC}.Debug|Any CPU.ActiveCfg = Debug|Any CPU
		{A52CCD95-C7BC-4693-AC53-2F865671B5EC}.Debug|Any CPU.Build.0 = Debug|Any CPU
		{A52CCD95-C7BC-4693-AC53-2F865671B5EC}.Release|Any CPU.ActiveCfg = Release|Any CPU
		{A52CCD95-C7BC-4693-AC53-2F865671B5EC}.Release|Any CPU.Build.0 = Release|Any CPU
	EndGlobalSection
	GlobalSection(SolutionProperties) = preSolution
		HideSolutionNode = FALSE
	EndGlobalSection
	GlobalSection(NestedProjects) = preSolution
		{0C91FF53-70BB-4B0F-9AA2-50A8FB94E2A4} = {7517544A-DFF7-4B76-BE9F-8C05D286B919}
		{246A609B-19DA-4C4A-B97A-25A122082F45} = {A68B7669-A5CA-4F4B-822A-D6AB1E15E913}
		{F74BABA9-581F-44CB-94DE-C73511BF6CC0} = {A68B7669-A5CA-4F4B-822A-D6AB1E15E913}
		{76B9E916-659D-4201-9428-0AFC7C458602} = {7517544A-DFF7-4B76-BE9F-8C05D286B919}
		{D925A658-64FE-445A-8129-EDF21259D273} = {7517544A-DFF7-4B76-BE9F-8C05D286B919}
		{A52CCD95-C7BC-4693-AC53-2F865671B5EC} = {7517544A-DFF7-4B76-BE9F-8C05D286B919}
	EndGlobalSection
	GlobalSection(ExtensibilityGlobals) = postSolution
		SolutionGuid = {540E3805-D427-429D-B775-853492EDE6A1}
	EndGlobalSection
EndGlobal
